%{"bbmustache": {:hex, :bbmustache, "1.0.4", "7ba94f971c5afd7b6617918a4bb74705e36cab36eb84b19b6a1b7ee06427aa38", [:rebar], []},
  "cf": {:hex, :cf, "0.2.2", "7f2913fff90abcabd0f489896cfeb0b0674f6c8df6c10b17a83175448029896c", [:rebar3], []},
  "dns": {:hex, :dns, "0.0.4", "2e347a0a03e8345bc70c6d69ed08788103a3bec81b93e4636b1b432110835436", [:mix], [{:socket, "~> 0.3.5", [hex: :socket, optional: false]}]},
  "erlware_commons": {:hex, :erlware_commons, "0.22.0", "051bed79a34e66678c1cbeebc7b66360c827d081a0c5e2528878011e31ddcdca", [:rebar3], [{:cf, "0.2.2", [hex: :cf, optional: false]}]},
  "exrm": {:hex, :exrm, "1.0.8", "5aa8990cdfe300282828b02cefdc339e235f7916388ce99f9a1f926a9271a45d", [:mix], [{:relx, "~> 3.5", [hex: :relx, optional: false]}]},
  "getopt": {:hex, :getopt, "0.8.2", "b17556db683000ba50370b16c0619df1337e7af7ecbf7d64fbf8d1d6bce3109b", [:rebar], []},
  "mdns": {:git, "https://github.com/erszcz/mdns.git", "603bd62236b77c596dc0f43d965aa7e2be0dd9aa", []},
  "nerves": {:hex, :nerves, "0.3.4", "7de99513f2775633e2db00acbf7437c55bd132f19b7406814f50818702b381b5", [:mix], [{:exrm, "~> 1.0.6", [hex: :exrm, optional: false]}]},
  "nerves_lib": {:git, "https://github.com/nerves-project/nerves_lib.git", "78b9e489af7df25c162d4a1130569e7cc301cb48", []},
  "nerves_networking": {:git, "https://github.com/nerves-project/nerves_networking.git", "7b77c481b368def153b764eff7e5c487f25eed64", [tag: "v0.6.0"]},
  "nerves_ssdp_server": {:git, "https://github.com/nerves-project/nerves_ssdp_server.git", "87a8ce143c1b7e506d563672d9584712fb2a40e7", []},
  "nerves_system": {:hex, :nerves_system, "0.1.8", "6fe81c316671f13206dba1e8731e8c752bd3ffbfa6de4d8754989bd57a85b84e", [:mix], []},
  "nerves_system_br": {:hex, :nerves_system_br, "0.7.0", "e838dbec1079fa326d958a3aef4ee14f22d8ffbc91ce7f6b28fc7d9f3197dfa7", [:mix], []},
  "nerves_system_rpi": {:hex, :nerves_system_rpi, "0.7.0", "5a3160e30969122f02101d532f260b2a07ac571fe123ae983f3efae1b9d3cffc", [:mix], [{:nerves_system, "~> 0.1.5", [hex: :nerves_system, optional: false]}, {:nerves_system_br, "~> 0.7.0", [hex: :nerves_system_br, optional: false]}, {:nerves_toolchain_armv6_rpi_linux_gnueabi, "~> 0.7.0", [hex: :nerves_toolchain_armv6_rpi_linux_gnueabi, optional: false]}]},
  "nerves_system_rpi2": {:hex, :nerves_system_rpi2, "0.7.0", "72a08779975f87a38492c46affc273d1c518ae25c2196ce0f7b8356199692121", [:mix], [{:nerves_system, "~> 0.1.5", [hex: :nerves_system, optional: false]}, {:nerves_system_br, "~> 0.7.0", [hex: :nerves_system_br, optional: false]}, {:nerves_toolchain_arm_unknown_linux_gnueabihf, "~> 0.7.0", [hex: :nerves_toolchain_arm_unknown_linux_gnueabihf, optional: false]}]},
  "nerves_toolchain": {:hex, :nerves_toolchain, "0.7.1", "164f5fcf07f717d5e8f918965ea043c860b75065768c93a726f763498a7d8792", [:mix], []},
  "nerves_toolchain_arm_unknown_linux_gnueabihf": {:hex, :nerves_toolchain_arm_unknown_linux_gnueabihf, "0.7.1", "44753bb9c301704de8b5d238cda7eba8a96b9975563d1b146316699c5c0cb129", [:mix], [{:nerves_toolchain, "~> 0.7", [hex: :nerves_toolchain, optional: false]}, {:nerves_toolchain_ctng, "~> 0.7", [hex: :nerves_toolchain_ctng, optional: false]}]},
  "nerves_toolchain_armv6_rpi_linux_gnueabi": {:hex, :nerves_toolchain_armv6_rpi_linux_gnueabi, "0.7.2", "fee5080e46717110cf0c041d6c23385a919954d0ba394c5d3df6b6ae1cdcb19c", [:mix], [{:nerves_toolchain, "~> 0.7", [hex: :nerves_toolchain, optional: false]}, {:nerves_toolchain_ctng, "~> 0.7", [hex: :nerves_toolchain_ctng, optional: false]}]},
  "nerves_toolchain_ctng": {:hex, :nerves_toolchain_ctng, "0.7.1", "6f46b1591b23d1a017347f8cd9962c24775b2a6fde4e2f2b5251439efef8d6a4", [:mix], []},
  "providers": {:hex, :providers, "1.6.0", "db0e2f9043ae60c0155205fcd238d68516331d0e5146155e33d1e79dc452964a", [:rebar3], [{:getopt, "0.8.2", [hex: :getopt, optional: false]}]},
  "relx": {:hex, :relx, "3.22.0", "ff7e2b5924b754a63ba1a46ba8c1901a2d6ae1418982e189cfed5937dace18da", [:rebar3], [{:bbmustache, "1.0.4", [hex: :bbmustache, optional: false]}, {:cf, "0.2.2", [hex: :cf, optional: false]}, {:erlware_commons, "0.22.0", [hex: :erlware_commons, optional: false]}, {:getopt, "0.8.2", [hex: :getopt, optional: false]}, {:providers, "1.6.0", [hex: :providers, optional: false]}]},
  "socket": {:hex, :socket, "0.3.5", "6c23772e7eda60f129f36dd69a61930aab18ae9b8d74d7f767c85355cf0b585d", [:mix], []}}
